
Microsoft Visual Studio Solution File, Format Version 12.00
# Visual Studio 2012
Project("{FAE04EC0-301F-11D3-BF4B-00C04F79EFBC}") = "Agents", "Agents\Agents.csproj", "{510D2161-C78C-43C8-961D-BBF226AF75B0}"
EndProject
Project("{FAE04EC0-301F-11D3-BF4B-00C04F79EFBC}") = "VisualAgents", "VisualAgents\VisualAgents.csproj", "{806CA4A1-79CA-42AD-8E1F-5C85674D46CB}"
EndProject
Global
	GlobalSection(SolutionConfigurationPlatforms) = preSolution
		Debug|Any CPU = Debug|Any CPU
		Release|Any CPU = Release|Any CPU
	EndGlobalSection
	GlobalSection(ProjectConfigurationPlatforms) = postSolution
		{510D2161-C78C-43C8-961D-BBF226AF75B0}.Debug|Any CPU.ActiveCfg = Debug|Any CPU
		{510D2161-C78C-43C8-961D-BBF226AF75B0}.Debug|Any CPU.Build.0 = Debug|Any CPU
		{510D2161-C78C-43C8-961D-BBF226AF75B0}.Release|Any CPU.ActiveCfg = Release|Any CPU
		{510D2161-C78C-43C8-961D-BBF226AF75B0}.Release|Any CPU.Build.0 = Release|Any CPU
		{806CA4A1-79CA-42AD-8E1F-5C85674D46CB}.Debug|Any CPU.ActiveCfg = Debug|Any CPU
		{806CA4A1-79CA-42AD-8E1F-5C85674D46CB}.Debug|Any CPU.Build.0 = Debug|Any CPU
		{806CA4A1-79CA-42AD-8E1F-5C85674D46CB}.Release|Any CPU.ActiveCfg = Release|Any CPU
		{806CA4A1-79CA-42AD-8E1F-5C85674D46CB}.Release|Any CPU.Build.0 = Release|Any CPU
	EndGlobalSection
	GlobalSection(SolutionProperties) = preSolution
		HideSolutionNode = FALSE
	EndGlobalSection
EndGlobal
